
Microsoft Visual Studio Solution File, Format Version 12.00
# Visual Studio Version 17
VisualStudioVersion = 17.0.31903.59
MinimumVisualStudioVersion = 10.0.40219.1
Project("{FAE04EC0-301F-11D3-BF4B-00C04F79EFBC}") = "Bookstore.Core", "Bookstore.Core\Bookstore.Core.csproj", "{AAC4ADB6-16CB-4C1D-A4F7-61CA18839762}"
EndProject
Project("{FAE04EC0-301F-11D3-BF4B-00C04F79EFBC}") = "Bookstore.Web", "Bookstore.Web\Bookstore.Web.csproj", "{B28174DC-A757-4CEE-AA23-7928C3088A0A}"
EndProject
Project("{FAE04EC0-301F-11D3-BF4B-00C04F79EFBC}") = "Bookstore.Tests", "Bookstore.Tests\Bookstore.Tests.csproj", "{04449793-A6C6-40AE-9D83-1B5AFA9988AC}"
EndProject
Global
	GlobalSection(SolutionConfigurationPlatforms) = preSolution
		Debug|Any CPU = Debug|Any CPU
		Debug|x64 = Debug|x64
		Debug|x86 = Debug|x86
		Release|Any CPU = Release|Any CPU
		Release|x64 = Release|x64
		Release|x86 = Release|x86
	EndGlobalSection
	GlobalSection(ProjectConfigurationPlatforms) = postSolution
		{AAC4ADB6-16CB-4C1D-A4F7-61CA18839762}.Debug|Any CPU.ActiveCfg = Debug|Any CPU
		{AAC4ADB6-16CB-4C1D-A4F7-61CA18839762}.Debug|Any CPU.Build.0 = Debug|Any CPU
		{AAC4ADB6-16CB-4C1D-A4F7-61CA18839762}.Debug|x64.ActiveCfg = Debug|Any CPU
		{AAC4ADB6-16CB-4C1D-A4F7-61CA18839762}.Debug|x64.Build.0 = Debug|Any CPU
		{AAC4ADB6-16CB-4C1D-A4F7-61CA18839762}.Debug|x86.ActiveCfg = Debug|Any CPU
		{AAC4ADB6-16CB-4C1D-A4F7-61CA18839762}.Debug|x86.Build.0 = Debug|Any CPU
		{AAC4ADB6-16CB-4C1D-A4F7-61CA18839762}.Release|Any CPU.ActiveCfg = Release|Any CPU
		{AAC4ADB6-16CB-4C1D-A4F7-61CA18839762}.Release|Any CPU.Build.0 = Release|Any CPU
		{AAC4ADB6-16CB-4C1D-A4F7-61CA18839762}.Release|x64.ActiveCfg = Release|Any CPU
		{AAC4ADB6-16CB-4C1D-A4F7-61CA18839762}.Release|x64.Build.0 = Release|Any CPU
		{AAC4ADB6-16CB-4C1D-A4F7-61CA18839762}.Release|x86.ActiveCfg = Release|Any CPU
		{AAC4ADB6-16CB-4C1D-A4F7-61CA18839762}.Release|x86.Build.0 = Release|Any CPU
		{B28174DC-A757-4CEE-AA23-7928C3088A0A}.Debug|Any CPU.ActiveCfg = Debug|Any CPU
		{B28174DC-A757-4CEE-AA23-7928C3088A0A}.Debug|Any CPU.Build.0 = Debug|Any CPU
		{B28174DC-A757-4CEE-AA23-7928C3088A0A}.Debug|x64.ActiveCfg = Debug|Any CPU
		{B28174DC-A757-4CEE-AA23-7928C3088A0A}.Debug|x64.Build.0 = Debug|Any CPU
		{B28174DC-A757-4CEE-AA23-7928C3088A0A}.Debug|x86.ActiveCfg = Debug|Any CPU
		{B28174DC-A757-4CEE-AA23-7928C3088A0A}.Debug|x86.Build.0 = Debug|Any CPU
		{B28174DC-A757-4CEE-AA23-7928C3088A0A}.Release|Any CPU.ActiveCfg = Release|Any CPU
		{B28174DC-A757-4CEE-AA23-7928C3088A0A}.Release|Any CPU.Build.0 = Release|Any CPU
		{B28174DC-A757-4CEE-AA23-7928C3088A0A}.Release|x64.ActiveCfg = Release|Any CPU
		{B28174DC-A757-4CEE-AA23-7928C3088A0A}.Release|x64.Build.0 = Release|Any CPU
		{B28174DC-A757-4CEE-AA23-7928C3088A0A}.Release|x86.ActiveCfg = Release|Any CPU
		{B28174DC-A757-4CEE-AA23-7928C3088A0A}.Release|x86.Build.0 = Release|Any CPU
		{04449793-A6C6-40AE-9D83-1B5AFA9988AC}.Debug|Any CPU.ActiveCfg = Debug|Any CPU
		{04449793-A6C6-40AE-9D83-1B5AFA9988AC}.Debug|Any CPU.Build.0 = Debug|Any CPU
		{04449793-A6C6-40AE-9D83-1B5AFA9988AC}.Debug|x64.ActiveCfg = Debug|Any CPU
		{04449793-A6C6-40AE-9D83-1B5AFA9988AC}.Debug|x64.Build.0 = Debug|Any CPU
		{04449793-A6C6-40AE-9D83-1B5AFA9988AC}.Debug|x86.ActiveCfg = Debug|Any CPU
		{04449793-A6C6-40AE-9D83-1B5AFA9988AC}.Debug|x86.Build.0 = Debug|Any CPU
		{04449793-A6C6-40AE-9D83-1B5AFA9988AC}.Release|Any CPU.ActiveCfg = Release|Any CPU
		{04449793-A6C6-40AE-9D83-1B5AFA9988AC}.Release|Any CPU.Build.0 = Release|Any CPU
		{04449793-A6C6-40AE-9D83-1B5AFA9988AC}.Release|x64.ActiveCfg = Release|Any CPU
		{04449793-A6C6-40AE-9D83-1B5AFA9988AC}.Release|x64.Build.0 = Release|Any CPU
		{04449793-A6C6-40AE-9D83-1B5AFA9988AC}.Release|x86.ActiveCfg = Release|Any CPU
		{04449793-A6C6-40AE-9D83-1B5AFA9988AC}.Release|x86.Build.0 = Release|Any CPU
	EndGlobalSection
	GlobalSection(SolutionProperties) = preSolution
		HideSolutionNode = FALSE
	EndGlobalSection
EndGlobal
